
Microsoft Visual Studio Solution File, Format Version 12.00
# Visual Studio 2012
Project("{FAE04EC0-301F-11D3-BF4B-00C04F79EFBC}") = "QuizzApp", "QuizzApp\QuizzApp.csproj", "{49677180-FF36-4A21-BF80-4DE08489D29F}"
EndProject
Project("{FAE04EC0-301F-11D3-BF4B-00C04F79EFBC}") = "DB_Library", "DB_Library\DB_Library.csproj", "{DA03B294-F269-45C8-B6AB-3C45750F74EB}"
EndProject
Project("{FAE04EC0-301F-11D3-BF4B-00C04F79EFBC}") = "DataModel", "DataModel\DataModel.csproj", "{E30E8574-109B-4BC1-80E5-731A2CA6D724}"
EndProject
Global
	GlobalSection(SolutionConfigurationPlatforms) = preSolution
		Debug|Any CPU = Debug|Any CPU
		Release|Any CPU = Release|Any CPU
	EndGlobalSection
	GlobalSection(ProjectConfigurationPlatforms) = postSolution
		{49677180-FF36-4A21-BF80-4DE08489D29F}.Debug|Any CPU.ActiveCfg = Debug|Any CPU
		{49677180-FF36-4A21-BF80-4DE08489D29F}.Debug|Any CPU.Build.0 = Debug|Any CPU
		{49677180-FF36-4A21-BF80-4DE08489D29F}.Release|Any CPU.ActiveCfg = Release|Any CPU
		{49677180-FF36-4A21-BF80-4DE08489D29F}.Release|Any CPU.Build.0 = Release|Any CPU
		{DA03B294-F269-45C8-B6AB-3C45750F74EB}.Debug|Any CPU.ActiveCfg = Debug|Any CPU
		{DA03B294-F269-45C8-B6AB-3C45750F74EB}.Debug|Any CPU.Build.0 = Debug|Any CPU
		{DA03B294-F269-45C8-B6AB-3C45750F74EB}.Release|Any CPU.ActiveCfg = Release|Any CPU
		{DA03B294-F269-45C8-B6AB-3C45750F74EB}.Release|Any CPU.Build.0 = Release|Any CPU
		{E30E8574-109B-4BC1-80E5-731A2CA6D724}.Debug|Any CPU.ActiveCfg = Debug|Any CPU
		{E30E8574-109B-4BC1-80E5-731A2CA6D724}.Debug|Any CPU.Build.0 = Debug|Any CPU
		{E30E8574-109B-4BC1-80E5-731A2CA6D724}.Release|Any CPU.ActiveCfg = Release|Any CPU
		{E30E8574-109B-4BC1-80E5-731A2CA6D724}.Release|Any CPU.Build.0 = Release|Any CPU
	EndGlobalSection
	GlobalSection(SolutionProperties) = preSolution
		HideSolutionNode = FALSE
	EndGlobalSection
EndGlobal
